
Microsoft Visual Studio Solution File, Format Version 12.00
# Visual Studio Version 17
VisualStudioVersion = 17.4.33103.184
MinimumVisualStudioVersion = 10.0.40219.1
Project("{FAE04EC0-301F-11D3-BF4B-00C04F79EFBC}") = "Follettorobotics.HappyBones.Booth.Gen2", "Follettorobotics.HappyBones.Booth.Gen2\Follettorobotics.HappyBones.Booth.Gen2.csproj", "{452F3890-B8A0-4DFD-9895-AD3A4FD2B8E2}"
EndProject
Global
	GlobalSection(SolutionConfigurationPlatforms) = preSolution
		Debug|Any CPU = Debug|Any CPU
		Release|Any CPU = Release|Any CPU
	EndGlobalSection
	GlobalSection(ProjectConfigurationPlatforms) = postSolution
		{452F3890-B8A0-4DFD-9895-AD3A4FD2B8E2}.Debug|Any CPU.ActiveCfg = Debug|Any CPU
		{452F3890-B8A0-4DFD-9895-AD3A4FD2B8E2}.Debug|Any CPU.Build.0 = Debug|Any CPU
		{452F3890-B8A0-4DFD-9895-AD3A4FD2B8E2}.Release|Any CPU.ActiveCfg = Release|Any CPU
		{452F3890-B8A0-4DFD-9895-AD3A4FD2B8E2}.Release|Any CPU.Build.0 = Release|Any CPU
	EndGlobalSection
	GlobalSection(SolutionProperties) = preSolution
		HideSolutionNode = FALSE
	EndGlobalSection
	GlobalSection(ExtensibilityGlobals) = postSolution
		SolutionGuid = {D13BAE5A-585E-47CE-B20F-99467BD5B60A}
	EndGlobalSection
EndGlobal
